
Microsoft Visual Studio Solution File, Format Version 12.00
# Visual Studio Version 17
VisualStudioVersion = 17.9.34723.18
MinimumVisualStudioVersion = 10.0.40219.1
Project("{FAE04EC0-301F-11D3-BF4B-00C04F79EFBC}") = "BankWeb", "BankWeb\BankWeb.csproj", "{F49BB55C-2B7B-4AB2-BD49-7028F60BE5A0}"
EndProject
Project("{FAE04EC0-301F-11D3-BF4B-00C04F79EFBC}") = "DataAccessLayer", "DataAccessLayer\DataAccessLayer.csproj", "{91B663A2-04E7-48D6-8193-B7D84DEE9F0F}"
EndProject
Project("{FAE04EC0-301F-11D3-BF4B-00C04F79EFBC}") = "Services", "Services\Services.csproj", "{B630E3B1-EA0D-49BB-9D72-91A4E4464FB8}"
EndProject
Global
	GlobalSection(SolutionConfigurationPlatforms) = preSolution
		Debug|Any CPU = Debug|Any CPU
		Release|Any CPU = Release|Any CPU
	EndGlobalSection
	GlobalSection(ProjectConfigurationPlatforms) = postSolution
		{F49BB55C-2B7B-4AB2-BD49-7028F60BE5A0}.Debug|Any CPU.ActiveCfg = Debug|Any CPU
		{F49BB55C-2B7B-4AB2-BD49-7028F60BE5A0}.Debug|Any CPU.Build.0 = Debug|Any CPU
		{F49BB55C-2B7B-4AB2-BD49-7028F60BE5A0}.Release|Any CPU.ActiveCfg = Release|Any CPU
		{F49BB55C-2B7B-4AB2-BD49-7028F60BE5A0}.Release|Any CPU.Build.0 = Release|Any CPU
		{91B663A2-04E7-48D6-8193-B7D84DEE9F0F}.Debug|Any CPU.ActiveCfg = Debug|Any CPU
		{91B663A2-04E7-48D6-8193-B7D84DEE9F0F}.Debug|Any CPU.Build.0 = Debug|Any CPU
		{91B663A2-04E7-48D6-8193-B7D84DEE9F0F}.Release|Any CPU.ActiveCfg = Release|Any CPU
		{91B663A2-04E7-48D6-8193-B7D84DEE9F0F}.Release|Any CPU.Build.0 = Release|Any CPU
		{B630E3B1-EA0D-49BB-9D72-91A4E4464FB8}.Debug|Any CPU.ActiveCfg = Debug|Any CPU
		{B630E3B1-EA0D-49BB-9D72-91A4E4464FB8}.Debug|Any CPU.Build.0 = Debug|Any CPU
		{B630E3B1-EA0D-49BB-9D72-91A4E4464FB8}.Release|Any CPU.ActiveCfg = Release|Any CPU
		{B630E3B1-EA0D-49BB-9D72-91A4E4464FB8}.Release|Any CPU.Build.0 = Release|Any CPU
	EndGlobalSection
	GlobalSection(SolutionProperties) = preSolution
		HideSolutionNode = FALSE
	EndGlobalSection
	GlobalSection(ExtensibilityGlobals) = postSolution
		SolutionGuid = {EEBBAE94-1976-49F1-A401-597FACE25028}
	EndGlobalSection
EndGlobal
